
Microsoft Visual Studio Solution File, Format Version 12.00
# Visual Studio Version 17
VisualStudioVersion = 17.6.33815.320
MinimumVisualStudioVersion = 10.0.40219.1
Project("{FAE04EC0-301F-11D3-BF4B-00C04F79EFBC}") = "project1", "project1\project1.csproj", "{F58D40AB-89C9-4256-ACA9-250D3BF0E036}"
EndProject
Global
	GlobalSection(SolutionConfigurationPlatforms) = preSolution
		Debug|Any CPU = Debug|Any CPU
		Release|Any CPU = Release|Any CPU
	EndGlobalSection
	GlobalSection(ProjectConfigurationPlatforms) = postSolution
		{F58D40AB-89C9-4256-ACA9-250D3BF0E036}.Debug|Any CPU.ActiveCfg = Debug|Any CPU
		{F58D40AB-89C9-4256-ACA9-250D3BF0E036}.Debug|Any CPU.Build.0 = Debug|Any CPU
		{F58D40AB-89C9-4256-ACA9-250D3BF0E036}.Release|Any CPU.ActiveCfg = Release|Any CPU
		{F58D40AB-89C9-4256-ACA9-250D3BF0E036}.Release|Any CPU.Build.0 = Release|Any CPU
	EndGlobalSection
	GlobalSection(SolutionProperties) = preSolution
		HideSolutionNode = FALSE
	EndGlobalSection
	GlobalSection(ExtensibilityGlobals) = postSolution
		SolutionGuid = {F9F78589-6A69-494F-AEAA-B8FA55AB1515}
	EndGlobalSection
EndGlobal
